
Microsoft Visual Studio Solution File, Format Version 12.00
# Visual Studio Version 17
VisualStudioVersion = 17.6.33829.357
MinimumVisualStudioVersion = 10.0.40219.1
Project("{FAE04EC0-301F-11D3-BF4B-00C04F79EFBC}") = "CurlyBrackeJBIssue", "CurlyBrackeJBIssue\CurlyBrackeJBIssue.csproj", "{46716EF3-8E14-436C-918B-4FA03A77EC0D}"
EndProject
Global
	GlobalSection(SolutionConfigurationPlatforms) = preSolution
		Debug|Any CPU = Debug|Any CPU
		Release|Any CPU = Release|Any CPU
	EndGlobalSection
	GlobalSection(ProjectConfigurationPlatforms) = postSolution
		{46716EF3-8E14-436C-918B-4FA03A77EC0D}.Debug|Any CPU.ActiveCfg = Debug|Any CPU
		{46716EF3-8E14-436C-918B-4FA03A77EC0D}.Debug|Any CPU.Build.0 = Debug|Any CPU
		{46716EF3-8E14-436C-918B-4FA03A77EC0D}.Release|Any CPU.ActiveCfg = Release|Any CPU
		{46716EF3-8E14-436C-918B-4FA03A77EC0D}.Release|Any CPU.Build.0 = Release|Any CPU
	EndGlobalSection
	GlobalSection(SolutionProperties) = preSolution
		HideSolutionNode = FALSE
	EndGlobalSection
	GlobalSection(ExtensibilityGlobals) = postSolution
		SolutionGuid = {D7952103-5F45-4CE5-AD3D-1E0A2EB933C0}
	EndGlobalSection
EndGlobal
